
Microsoft Visual Studio Solution File, Format Version 12.00
# Visual Studio Version 17
VisualStudioVersion = 17.8.34330.188
MinimumVisualStudioVersion = 10.0.40219.1
Project("{9A19103F-16F7-4668-BE54-9A1E7A4F7556}") = "MillLineScan", "MillLineScan\MillLineScan.csproj", "{26846C4E-1CAF-4619-9D33-1E2FFB29724C}"
EndProject
Global
	GlobalSection(SolutionConfigurationPlatforms) = preSolution
		Debug|Any CPU = Debug|Any CPU
		Debug|x64 = Debug|x64
		Release|Any CPU = Release|Any CPU
		Release|x64 = Release|x64
	EndGlobalSection
	GlobalSection(ProjectConfigurationPlatforms) = postSolution
		{26846C4E-1CAF-4619-9D33-1E2FFB29724C}.Debug|Any CPU.ActiveCfg = Debug|Any CPU
		{26846C4E-1CAF-4619-9D33-1E2FFB29724C}.Debug|Any CPU.Build.0 = Debug|Any CPU
		{26846C4E-1CAF-4619-9D33-1E2FFB29724C}.Debug|x64.ActiveCfg = Debug|x64
		{26846C4E-1CAF-4619-9D33-1E2FFB29724C}.Debug|x64.Build.0 = Debug|x64
		{26846C4E-1CAF-4619-9D33-1E2FFB29724C}.Release|Any CPU.ActiveCfg = Release|Any CPU
		{26846C4E-1CAF-4619-9D33-1E2FFB29724C}.Release|Any CPU.Build.0 = Release|Any CPU
		{26846C4E-1CAF-4619-9D33-1E2FFB29724C}.Release|x64.ActiveCfg = Release|x64
		{26846C4E-1CAF-4619-9D33-1E2FFB29724C}.Release|x64.Build.0 = Release|x64
	EndGlobalSection
	GlobalSection(SolutionProperties) = preSolution
		HideSolutionNode = FALSE
	EndGlobalSection
	GlobalSection(ExtensibilityGlobals) = postSolution
		SolutionGuid = {FEB36DBA-1F38-48D0-A58E-27E7437E0A06}
	EndGlobalSection
EndGlobal
